
Microsoft Visual Studio Solution File, Format Version 12.00
# Visual Studio Version 16
VisualStudioVersion = 16.0.29806.167
MinimumVisualStudioVersion = 10.0.40219.1
Project("{FAE04EC0-301F-11D3-BF4B-00C04F79EFBC}") = "PruebaEjercicio", "PruebaEjercicio\PruebaEjercicio.csproj", "{DB69DE80-1CD3-4586-95F8-2A44FCEFE616}"
EndProject
Global
	GlobalSection(SolutionConfigurationPlatforms) = preSolution
		Debug|Any CPU = Debug|Any CPU
		Release|Any CPU = Release|Any CPU
	EndGlobalSection
	GlobalSection(ProjectConfigurationPlatforms) = postSolution
		{DB69DE80-1CD3-4586-95F8-2A44FCEFE616}.Debug|Any CPU.ActiveCfg = Debug|Any CPU
		{DB69DE80-1CD3-4586-95F8-2A44FCEFE616}.Debug|Any CPU.Build.0 = Debug|Any CPU
		{DB69DE80-1CD3-4586-95F8-2A44FCEFE616}.Release|Any CPU.ActiveCfg = Release|Any CPU
		{DB69DE80-1CD3-4586-95F8-2A44FCEFE616}.Release|Any CPU.Build.0 = Release|Any CPU
	EndGlobalSection
	GlobalSection(SolutionProperties) = preSolution
		HideSolutionNode = FALSE
	EndGlobalSection
	GlobalSection(ExtensibilityGlobals) = postSolution
		SolutionGuid = {36E2BE7D-1925-4D88-B74A-E62AD2A5C43A}
	EndGlobalSection
EndGlobal
